{
  "lockfileVersion": 1,
  "configVersion": 1,
  "workspaces": {
    "": {
      "name": "@absolutejs/commerce-stripe",
      "dependencies": {
        "@absolutejs/commerce": "0.15.0-beta.0",
        "stripe": "^22.0.0",
      },
      "devDependencies": {
        "@types/bun": "1.3.9",
        "typescript": "^5.9.3",
      },
    },
  },
  "packages": {
    "@absolutejs/commerce": ["@absolutejs/commerce@0.15.0-beta.0", "", { "peerDependencies": { "drizzle-orm": ">=0.30.0", "react": ">=18.0.0" }, "optionalPeers": ["drizzle-orm", "react"] }, "sha512-tvs9JK3x65spbaV0lKV7jXMvKqPVY4lbhCWO2PJD/ERmxOBkdYzOUXj3slFbPMqS8aHdbnELw0rVp+IbKLTZbw=="],

    "@types/bun": ["@types/bun@1.3.9", "", { "dependencies": { "bun-types": "1.3.9" } }, "sha512-KQ571yULOdWJiMH+RIWIOZ7B2RXQGpL1YQrBtLIV3FqDcCu6FsbFUBwhdKUlCKUpS3PJDsHlJ1QKlpxoVR+xtw=="],

    "@types/node": ["@types/node@26.0.0", "", { "dependencies": { "undici-types": "~8.3.0" } }, "sha512-vf2YFi1iY9lHGwNJMs01biZFbKJkrZR1T6/MlzjhJLPdntOHLhTrDSnSVcdtvjihi4VQNlrFRIxLsDBlQpAipA=="],

    "bun-types": ["bun-types@1.3.9", "", { "dependencies": { "@types/node": "*" } }, "sha512-+UBWWOakIP4Tswh0Bt0QD0alpTY8cb5hvgiYeWCMet9YukHbzuruIEeXC2D7nMJPB12kbh8C7XJykSexEqGKJg=="],

    "stripe": ["stripe@22.2.2", "", { "peerDependencies": { "@types/node": ">=18" }, "optionalPeers": ["@types/node"] }, "sha512-lRXLiarjW/I2QVa6QuFfz1Ma7Dc2yBQ7vlYH6NEmp5htMJNQGfiWExmOv0McfqY5wMCGV8DLuCvsyVRIPJlUUQ=="],

    "typescript": ["typescript@5.9.3", "", { "bin": { "tsc": "bin/tsc", "tsserver": "bin/tsserver" } }, "sha512-jl1vZzPDinLr9eUt3J/t7V6FgNEw9QjvBPdysz9KfQDD41fQrC2Y4vKQdiaUpFT4bXlb1RHhLpp8wtm6M5TgSw=="],

    "undici-types": ["undici-types@8.3.0", "", {}, "sha512-j375ScV60dom+YkPFIfTLcOiPxkN/buHz5GobjLhixFuANaNs3C9l4GmrWqejgXWJ7BbJcFYpTEUkS1Ge8bpZQ=="],
  }
}
